// !$*UTF8*$!
{
	archiveVersion = 1;
	classes = {
	};
	objectVersion = 56;
	objects = {

/* Begin PBXBuildFile section */
		E0429D742A40D7A10085F0F7 /* ITMO_PassApp.swift in Sources */ = {isa = PBXBuildFile; fileRef = E0429D732A40D7A10085F0F7 /* ITMO_PassApp.swift */; };
		E0429D762A40D7A10085F0F7 /* ContentView.swift in Sources */ = {isa = PBXBuildFile; fileRef = E0429D752A40D7A10085F0F7 /* ContentView.swift */; };
		E0429D782A40D7A30085F0F7 /* Assets.xcassets in Resources */ = {isa = PBXBuildFile; fileRef = E0429D772A40D7A30085F0F7 /* Assets.xcassets */; };
		E0429D7B2A40D7A30085F0F7 /* Preview Assets.xcassets in Resources */ = {isa = PBXBuildFile; fileRef = E0429D7A2A40D7A30085F0F7 /* Preview Assets.xcassets */; };
		E0429D812A40D7A30085F0F7 /* ITMO.Pass Watch App.app in Embed Watch Content */ = {isa = PBXBuildFile; fileRef = E0429D802A40D7A30085F0F7 /* ITMO.Pass Watch App.app */; settings = {ATTRIBUTES = (RemoveHeadersOnCopy, ); }; };
		E0429D862A40D7A30085F0F7 /* ITMO_PassApp.swift in Sources */ = {isa = PBXBuildFile; fileRef = E0429D852A40D7A30085F0F7 /* ITMO_PassApp.swift */; };
		E0429D882A40D7A30085F0F7 /* ContentView.swift in Sources */ = {isa = PBXBuildFile; fileRef = E0429D872A40D7A30085F0F7 /* ContentView.swift */; };
		E0429D8A2A40D7A30085F0F7 /* Assets.xcassets in Resources */ = {isa = PBXBuildFile; fileRef = E0429D892A40D7A30085F0F7 /* Assets.xcassets */; };
		E0429D8D2A40D7A30085F0F7 /* Preview Assets.xcassets in Resources */ = {isa = PBXBuildFile; fileRef = E0429D8C2A40D7A30085F0F7 /* Preview Assets.xcassets */; };
		E0600E8A2A41569900D8FA5F /* get_hex.swift in Sources */ = {isa = PBXBuildFile; fileRef = E0600E892A41569900D8FA5F /* get_hex.swift */; };
		E0600E8D2A41576400D8FA5F /* PythonKit in Frameworks */ = {isa = PBXBuildFile; productRef = E0600E8C2A41576400D8FA5F /* PythonKit */; };
/* End PBXBuildFile section */

/* Begin PBXContainerItemProxy section */
		E0429D822A40D7A30085F0F7 /* PBXContainerItemProxy */ = {
			isa = PBXContainerItemProxy;
			containerPortal = E0429D682A40D7A10085F0F7 /* Project object */;
			proxyType = 1;
			remoteGlobalIDString = E0429D7F2A40D7A30085F0F7;
			remoteInfo = "ITMO.Pass Watch App";
		};
/* End PBXContainerItemProxy section */

/* Begin PBXCopyFilesBuildPhase section */
		E0429D932A40D7A30085F0F7 /* Embed Watch Content */ = {
			isa = PBXCopyFilesBuildPhase;
			buildActionMask = 2147483647;
			dstPath = "$(CONTENTS_FOLDER_PATH)/Watch";
			dstSubfolderSpec = 16;
			files = (
				E0429D812A40D7A30085F0F7 /* ITMO.Pass Watch App.app in Embed Watch Content */,
			);
			name = "Embed Watch Content";
			runOnlyForDeploymentPostprocessing = 0;
		};
/* End PBXCopyFilesBuildPhase section */

/* Begin PBXFileReference section */
		E0429D702A40D7A10085F0F7 /* ITMO.Pass.app */ = {isa = PBXFileReference; explicitFileType = wrapper.application; includeInIndex = 0; path = ITMO.Pass.app; sourceTree = BUILT_PRODUCTS_DIR; };
		E0429D732A40D7A10085F0F7 /* ITMO_PassApp.swift */ = {isa = PBXFileReference; lastKnownFileType = sourcecode.swift; path = ITMO_PassApp.swift; sourceTree = "<group>"; };
		E0429D752A40D7A10085F0F7 /* ContentView.swift */ = {isa = PBXFileReference; lastKnownFileType = sourcecode.swift; path = ContentView.swift; sourceTree = "<group>"; usesTabs = 0; };
		E0429D772A40D7A30085F0F7 /* Assets.xcassets */ = {isa = PBXFileReference; lastKnownFileType = folder.assetcatalog; path = Assets.xcassets; sourceTree = "<group>"; };
		E0429D7A2A40D7A30085F0F7 /* Preview Assets.xcassets */ = {isa = PBXFileReference; lastKnownFileType = folder.assetcatalog; path = "Preview Assets.xcassets"; sourceTree = "<group>"; };
		E0429D802A40D7A30085F0F7 /* ITMO.Pass Watch App.app */ = {isa = PBXFileReference; explicitFileType = wrapper.application; includeInIndex = 0; path = "ITMO.Pass Watch App.app"; sourceTree = BUILT_PRODUCTS_DIR; };
		E0429D852A40D7A30085F0F7 /* ITMO_PassApp.swift */ = {isa = PBXFileReference; lastKnownFileType = sourcecode.swift; path = ITMO_PassApp.swift; sourceTree = "<group>"; };
		E0429D872A40D7A30085F0F7 /* ContentView.swift */ = {isa = PBXFileReference; lastKnownFileType = sourcecode.swift; path = ContentView.swift; sourceTree = "<group>"; };
		E0429D892A40D7A30085F0F7 /* Assets.xcassets */ = {isa = PBXFileReference; lastKnownFileType = folder.assetcatalog; path = Assets.xcassets; sourceTree = "<group>"; };
		E0429D8C2A40D7A30085F0F7 /* Preview Assets.xcassets */ = {isa = PBXFileReference; lastKnownFileType = folder.assetcatalog; path = "Preview Assets.xcassets"; sourceTree = "<group>"; };
		E0600E892A41569900D8FA5F /* get_hex.swift */ = {isa = PBXFileReference; lastKnownFileType = sourcecode.swift; path = get_hex.swift; sourceTree = "<group>"; };
		E0600E8E2A41639C00D8FA5F /* ITMO.Pass.entitlements */ = {isa = PBXFileReference; lastKnownFileType = text.plist.entitlements; path = ITMO.Pass.entitlements; sourceTree = "<group>"; };
/* End PBXFileReference section */

/* Begin PBXFrameworksBuildPhase section */
		E0429D6D2A40D7A10085F0F7 /* Frameworks */ = {
			isa = PBXFrameworksBuildPhase;
			buildActionMask = 2147483647;
			files = (
				E0600E8D2A41576400D8FA5F /* PythonKit in Frameworks */,
			);
			runOnlyForDeploymentPostprocessing = 0;
		};
		E0429D7D2A40D7A30085F0F7 /* Frameworks */ = {
			isa = PBXFrameworksBuildPhase;
			buildActionMask = 2147483647;
			files = (
			);
			runOnlyForDeploymentPostprocessing = 0;
		};
/* End PBXFrameworksBuildPhase section */

/* Begin PBXGroup section */
		E0429D672A40D7A10085F0F7 = {
			isa = PBXGroup;
			children = (
				E0429D722A40D7A10085F0F7 /* ITMO.Pass */,
				E0429D842A40D7A30085F0F7 /* ITMO.Pass Watch App */,
				E0429D712A40D7A10085F0F7 /* Products */,
			);
			sourceTree = "<group>";
		};
		E0429D712A40D7A10085F0F7 /* Products */ = {
			isa = PBXGroup;
			children = (
				E0429D702A40D7A10085F0F7 /* ITMO.Pass.app */,
				E0429D802A40D7A30085F0F7 /* ITMO.Pass Watch App.app */,
			);
			name = Products;
			sourceTree = "<group>";
		};
		E0429D722A40D7A10085F0F7 /* ITMO.Pass */ = {
			isa = PBXGroup;
			children = (
				E0600E8E2A41639C00D8FA5F /* ITMO.Pass.entitlements */,
				E0429D732A40D7A10085F0F7 /* ITMO_PassApp.swift */,
				E0429D752A40D7A10085F0F7 /* ContentView.swift */,
				E0429D772A40D7A30085F0F7 /* Assets.xcassets */,
				E0429D792A40D7A30085F0F7 /* Preview Content */,
				E0600E892A41569900D8FA5F /* get_hex.swift */,
			);
			path = ITMO.Pass;
			sourceTree = "<group>";
		};
		E0429D792A40D7A30085F0F7 /* Preview Content */ = {
			isa = PBXGroup;
			children = (
				E0429D7A2A40D7A30085F0F7 /* Preview Assets.xcassets */,
			);
			path = "Preview Content";
			sourceTree = "<group>";
		};
		E0429D842A40D7A30085F0F7 /* ITMO.Pass Watch App */ = {
			isa = PBXGroup;
			children = (
				E0429D852A40D7A30085F0F7 /* ITMO_PassApp.swift */,
				E0429D872A40D7A30085F0F7 /* ContentView.swift */,
				E0429D892A40D7A30085F0F7 /* Assets.xcassets */,
				E0429D8B2A40D7A30085F0F7 /* Preview Content */,
			);
			path = "ITMO.Pass Watch App";
			sourceTree = "<group>";
		};
		E0429D8B2A40D7A30085F0F7 /* Preview Content */ = {
			isa = PBXGroup;
			children = (
				E0429D8C2A40D7A30085F0F7 /* Preview Assets.xcassets */,
			);
			path = "Preview Content";
			sourceTree = "<group>";
		};
/* End PBXGroup section */

/* Begin PBXNativeTarget section */
		E0429D6F2A40D7A10085F0F7 /* ITMO.Pass */ = {
			isa = PBXNativeTarget;
			buildConfigurationList = E0429D942A40D7A30085F0F7 /* Build configuration list for PBXNativeTarget "ITMO.Pass" */;
			buildPhases = (
				E0429D6C2A40D7A10085F0F7 /* Sources */,
				E0429D6D2A40D7A10085F0F7 /* Frameworks */,
				E0429D6E2A40D7A10085F0F7 /* Resources */,
				E0429D932A40D7A30085F0F7 /* Embed Watch Content */,
			);
			buildRules = (
			);
			dependencies = (
				E0429D832A40D7A30085F0F7 /* PBXTargetDependency */,
			);
			name = ITMO.Pass;
			packageProductDependencies = (
				E0600E8C2A41576400D8FA5F /* PythonKit */,
			);
			productName = ITMO.Pass;
			productReference = E0429D702A40D7A10085F0F7 /* ITMO.Pass.app */;
			productType = "com.apple.product-type.application";
		};
		E0429D7F2A40D7A30085F0F7 /* ITMO.Pass Watch App */ = {
			isa = PBXNativeTarget;
			buildConfigurationList = E0429D902A40D7A30085F0F7 /* Build configuration list for PBXNativeTarget "ITMO.Pass Watch App" */;
			buildPhases = (
				E0429D7C2A40D7A30085F0F7 /* Sources */,
				E0429D7D2A40D7A30085F0F7 /* Frameworks */,
				E0429D7E2A40D7A30085F0F7 /* Resources */,
			);
			buildRules = (
			);
			dependencies = (
			);
			name = "ITMO.Pass Watch App";
			productName = "ITMO.Pass Watch App";
			productReference = E0429D802A40D7A30085F0F7 /* ITMO.Pass Watch App.app */;
			productType = "com.apple.product-type.application";
		};
/* End PBXNativeTarget section */

/* Begin PBXProject section */
		E0429D682A40D7A10085F0F7 /* Project object */ = {
			isa = PBXProject;
			attributes = {
				BuildIndependentTargetsInParallel = 1;
				LastSwiftUpdateCheck = 1500;
				LastUpgradeCheck = 1500;
				TargetAttributes = {
					E0429D6F2A40D7A10085F0F7 = {
						CreatedOnToolsVersion = 15.0;
					};
					E0429D7F2A40D7A30085F0F7 = {
						CreatedOnToolsVersion = 15.0;
					};
				};
			};
			buildConfigurationList = E0429D6B2A40D7A10085F0F7 /* Build configuration list for PBXProject "ITMO.Pass" */;
			compatibilityVersion = "Xcode 14.0";
			developmentRegion = en;
			hasScannedForEncodings = 0;
			knownRegions = (
				en,
				Base,
			);
			mainGroup = E0429D672A40D7A10085F0F7;
			packageReferences = (
				E0600E8B2A41576300D8FA5F /* XCRemoteSwiftPackageReference "PythonKit" */,
			);
			productRefGroup = E0429D712A40D7A10085F0F7 /* Products */;
			projectDirPath = "";
			projectRoot = "";
			targets = (
				E0429D6F2A40D7A10085F0F7 /* ITMO.Pass */,
				E0429D7F2A40D7A30085F0F7 /* ITMO.Pass Watch App */,
			);
		};
/* End PBXProject section */

/* Begin PBXResourcesBuildPhase section */
		E0429D6E2A40D7A10085F0F7 /* Resources */ = {
			isa = PBXResourcesBuildPhase;
			buildActionMask = 2147483647;
			files = (
				E0429D7B2A40D7A30085F0F7 /* Preview Assets.xcassets in Resources */,
				E0429D782A40D7A30085F0F7 /* Assets.xcassets in Resources */,
			);
			runOnlyForDeploymentPostprocessing = 0;
		};
		E0429D7E2A40D7A30085F0F7 /* Resources */ = {
			isa = PBXResourcesBuildPhase;
			buildActionMask = 2147483647;
			files = (
				E0429D8D2A40D7A30085F0F7 /* Preview Assets.xcassets in Resources */,
				E0429D8A2A40D7A30085F0F7 /* Assets.xcassets in Resources */,
			);
			runOnlyForDeploymentPostprocessing = 0;
		};
/* End PBXResourcesBuildPhase section */

/* Begin PBXSourcesBuildPhase section */
		E0429D6C2A40D7A10085F0F7 /* Sources */ = {
			isa = PBXSourcesBuildPhase;
			buildActionMask = 2147483647;
			files = (
				E0429D762A40D7A10085F0F7 /* ContentView.swift in Sources */,
				E0600E8A2A41569900D8FA5F /* get_hex.swift in Sources */,
				E0429D742A40D7A10085F0F7 /* ITMO_PassApp.swift in Sources */,
			);
			runOnlyForDeploymentPostprocessing = 0;
		};
		E0429D7C2A40D7A30085F0F7 /* Sources */ = {
			isa = PBXSourcesBuildPhase;
			buildActionMask = 2147483647;
			files = (
				E0429D882A40D7A30085F0F7 /* ContentView.swift in Sources */,
				E0429D862A40D7A30085F0F7 /* ITMO_PassApp.swift in Sources */,
			);
			runOnlyForDeploymentPostprocessing = 0;
		};
/* End PBXSourcesBuildPhase section */

/* Begin PBXTargetDependency section */
		E0429D832A40D7A30085F0F7 /* PBXTargetDependency */ = {
			isa = PBXTargetDependency;
			target = E0429D7F2A40D7A30085F0F7 /* ITMO.Pass Watch App */;
			targetProxy = E0429D822A40D7A30085F0F7 /* PBXContainerItemProxy */;
		};
/* End PBXTargetDependency section */

/* Begin XCBuildConfiguration section */
		E0429D8E2A40D7A30085F0F7 /* Debug */ = {
			isa = XCBuildConfiguration;
			buildSettings = {
				ALWAYS_SEARCH_USER_PATHS = NO;
				ASSETCATALOG_COMPILER_GENERATE_SWIFT_ASSET_SYMBOL_EXTENSIONS = YES;
				CLANG_ANALYZER_NONNULL = YES;
				CLANG_ANALYZER_NUMBER_OBJECT_CONVERSION = YES_AGGRESSIVE;
				CLANG_CXX_LANGUAGE_STANDARD = "gnu++20";
				CLANG_ENABLE_MODULES = YES;
				CLANG_ENABLE_OBJC_ARC = YES;
				CLANG_ENABLE_OBJC_WEAK = YES;
				CLANG_WARN_BLOCK_CAPTURE_AUTORELEASING = YES;
				CLANG_WARN_BOOL_CONVERSION = YES;
				CLANG_WARN_COMMA = YES;
				CLANG_WARN_CONSTANT_CONVERSION = YES;
				CLANG_WARN_DEPRECATED_OBJC_IMPLEMENTATIONS = YES;
				CLANG_WARN_DIRECT_OBJC_ISA_USAGE = YES_ERROR;
				CLANG_WARN_DOCUMENTATION_COMMENTS = YES;
				CLANG_WARN_EMPTY_BODY = YES;
				CLANG_WARN_ENUM_CONVERSION = YES;
				CLANG_WARN_INFINITE_RECURSION = YES;
				CLANG_WARN_INT_CONVERSION = YES;
				CLANG_WARN_NON_LITERAL_NULL_CONVERSION = YES;
				CLANG_WARN_OBJC_IMPLICIT_RETAIN_SELF = YES;
				CLANG_WARN_OBJC_LITERAL_CONVERSION = YES;
				CLANG_WARN_OBJC_ROOT_CLASS = YES_ERROR;
				CLANG_WARN_QUOTED_INCLUDE_IN_FRAMEWORK_HEADER = YES;
				CLANG_WARN_RANGE_LOOP_ANALYSIS = YES;
				CLANG_WARN_STRICT_PROTOTYPES = YES;
				CLANG_WARN_SUSPICIOUS_MOVE = YES;
				CLANG_WARN_UNGUARDED_AVAILABILITY = YES_AGGRESSIVE;
				CLANG_WARN_UNREACHABLE_CODE = YES;
				CLANG_WARN__DUPLICATE_METHOD_MATCH = YES;
				COPY_PHASE_STRIP = NO;
				DEBUG_INFORMATION_FORMAT = dwarf;
				ENABLE_STRICT_OBJC_MSGSEND = YES;
				ENABLE_TESTABILITY = YES;
				ENABLE_USER_SCRIPT_SANDBOXING = YES;
				GCC_C_LANGUAGE_STANDARD = gnu17;
				GCC_DYNAMIC_NO_PIC = NO;
				GCC_NO_COMMON_BLOCKS = YES;
				GCC_OPTIMIZATION_LEVEL = 0;
				GCC_PREPROCESSOR_DEFINITIONS = (
					"DEBUG=1",
					"$(inherited)",
				);
				GCC_WARN_64_TO_32_BIT_CONVERSION = YES;
				GCC_WARN_ABOUT_RETURN_TYPE = YES_ERROR;
				GCC_WARN_UNDECLARED_SELECTOR = YES;
				GCC_WARN_UNINITIALIZED_AUTOS = YES_AGGRESSIVE;
				GCC_WARN_UNUSED_FUNCTION = YES;
				GCC_WARN_UNUSED_VARIABLE = YES;
				LOCALIZATION_PREFERS_STRING_CATALOGS = YES;
				MTL_ENABLE_DEBUG_INFO = INCLUDE_SOURCE;
				MTL_FAST_MATH = YES;
				ONLY_ACTIVE_ARCH = YES;
				SWIFT_ACTIVE_COMPILATION_CONDITIONS = "DEBUG $(inherited)";
				SWIFT_OPTIMIZATION_LEVEL = "-Onone";
			};
			name = Debug;
		};
		E0429D8F2A40D7A30085F0F7 /* Release */ = {
			isa = XCBuildConfiguration;
			buildSettings = {
				ALWAYS_SEARCH_USER_PATHS = NO;
				ASSETCATALOG_COMPILER_GENERATE_SWIFT_ASSET_SYMBOL_EXTENSIONS = YES;
				CLANG_ANALYZER_NONNULL = YES;
				CLANG_ANALYZER_NUMBER_OBJECT_CONVERSION = YES_AGGRESSIVE;
				CLANG_CXX_LANGUAGE_STANDARD = "gnu++20";
				CLANG_ENABLE_MODULES = YES;
				CLANG_ENABLE_OBJC_ARC = YES;
				CLANG_ENABLE_OBJC_WEAK = YES;
				CLANG_WARN_BLOCK_CAPTURE_AUTORELEASING = YES;
				CLANG_WARN_BOOL_CONVERSION = YES;
				CLANG_WARN_COMMA = YES;
				CLANG_WARN_CONSTANT_CONVERSION = YES;
				CLANG_WARN_DEPRECATED_OBJC_IMPLEMENTATIONS = YES;
				CLANG_WARN_DIRECT_OBJC_ISA_USAGE = YES_ERROR;
				CLANG_WARN_DOCUMENTATION_COMMENTS = YES;
				CLANG_WARN_EMPTY_BODY = YES;
				CLANG_WARN_ENUM_CONVERSION = YES;
				CLANG_WARN_INFINITE_RECURSION = YES;
				CLANG_WARN_INT_CONVERSION = YES;
				CLANG_WARN_NON_LITERAL_NULL_CONVERSION = YES;
				CLANG_WARN_OBJC_IMPLICIT_RETAIN_SELF = YES;
				CLANG_WARN_OBJC_LITERAL_CONVERSION = YES;
				CLANG_WARN_OBJC_ROOT_CLASS = YES_ERROR;
				CLANG_WARN_QUOTED_INCLUDE_IN_FRAMEWORK_HEADER = YES;
				CLANG_WARN_RANGE_LOOP_ANALYSIS = YES;
				CLANG_WARN_STRICT_PROTOTYPES = YES;
				CLANG_WARN_SUSPICIOUS_MOVE = YES;
				CLANG_WARN_UNGUARDED_AVAILABILITY = YES_AGGRESSIVE;
				CLANG_WARN_UNREACHABLE_CODE = YES;
				CLANG_WARN__DUPLICATE_METHOD_MATCH = YES;
				COPY_PHASE_STRIP = NO;
				DEBUG_INFORMATION_FORMAT = "dwarf-with-dsym";
				ENABLE_NS_ASSERTIONS = NO;
				ENABLE_STRICT_OBJC_MSGSEND = YES;
				ENABLE_USER_SCRIPT_SANDBOXING = YES;
				GCC_C_LANGUAGE_STANDARD = gnu17;
				GCC_NO_COMMON_BLOCKS = YES;
				GCC_WARN_64_TO_32_BIT_CONVERSION = YES;
				GCC_WARN_ABOUT_RETURN_TYPE = YES_ERROR;
				GCC_WARN_UNDECLARED_SELECTOR = YES;
				GCC_WARN_UNINITIALIZED_AUTOS = YES_AGGRESSIVE;
				GCC_WARN_UNUSED_FUNCTION = YES;
				GCC_WARN_UNUSED_VARIABLE = YES;
				LOCALIZATION_PREFERS_STRING_CATALOGS = YES;
				MTL_ENABLE_DEBUG_INFO = NO;
				MTL_FAST_MATH = YES;
				SWIFT_COMPILATION_MODE = wholemodule;
			};
			name = Release;
		};
		E0429D912A40D7A30085F0F7 /* Debug */ = {
			isa = XCBuildConfiguration;
			buildSettings = {
				ASSETCATALOG_COMPILER_APPICON_NAME = AppIcon;
				ASSETCATALOG_COMPILER_GLOBAL_ACCENT_COLOR_NAME = AccentColor;
				CODE_SIGN_STYLE = Automatic;
				CURRENT_PROJECT_VERSION = 1;
				DEVELOPMENT_ASSET_PATHS = "\"ITMO.Pass Watch App/Preview Content\"";
				DEVELOPMENT_TEAM = YM8YZN947J;
				ENABLE_PREVIEWS = YES;
				GENERATE_INFOPLIST_FILE = YES;
				INFOPLIST_KEY_CFBundleDisplayName = ITMO.Pass;
				INFOPLIST_KEY_UISupportedInterfaceOrientations = "UIInterfaceOrientationPortrait UIInterfaceOrientationPortraitUpsideDown";
				INFOPLIST_KEY_WKCompanionAppBundleIdentifier = "Samoylik.ITMO-Pass";
				LD_RUNPATH_SEARCH_PATHS = (
					"$(inherited)",
					"@executable_path/Frameworks",
				);
				MARKETING_VERSION = 1.0;
				PRODUCT_BUNDLE_IDENTIFIER = "Samoylik.ITMO-Pass.watchkitapp";
				PRODUCT_NAME = "$(TARGET_NAME)";
				SDKROOT = watchos;
				SKIP_INSTALL = YES;
				SWIFT_EMIT_LOC_STRINGS = YES;
				SWIFT_VERSION = 5.0;
				TARGETED_DEVICE_FAMILY = 4;
				WATCHOS_DEPLOYMENT_TARGET = 10.0;
			};
			name = Debug;
		};
		E0429D922A40D7A30085F0F7 /* Release */ = {
			isa = XCBuildConfiguration;
			buildSettings = {
				ASSETCATALOG_COMPILER_APPICON_NAME = AppIcon;
				ASSETCATALOG_COMPILER_GLOBAL_ACCENT_COLOR_NAME = AccentColor;
				CODE_SIGN_STYLE = Automatic;
				CURRENT_PROJECT_VERSION = 1;
				DEVELOPMENT_ASSET_PATHS = "\"ITMO.Pass Watch App/Preview Content\"";
				DEVELOPMENT_TEAM = YM8YZN947J;
				ENABLE_PREVIEWS = YES;
				GENERATE_INFOPLIST_FILE = YES;
				INFOPLIST_KEY_CFBundleDisplayName = ITMO.Pass;
				INFOPLIST_KEY_UISupportedInterfaceOrientations = "UIInterfaceOrientationPortrait UIInterfaceOrientationPortraitUpsideDown";
				INFOPLIST_KEY_WKCompanionAppBundleIdentifier = "Samoylik.ITMO-Pass";
				LD_RUNPATH_SEARCH_PATHS = (
					"$(inherited)",
					"@executable_path/Frameworks",
				);
				MARKETING_VERSION = 1.0;
				PRODUCT_BUNDLE_IDENTIFIER = "Samoylik.ITMO-Pass.watchkitapp";
				PRODUCT_NAME = "$(TARGET_NAME)";
				SDKROOT = watchos;
				SKIP_INSTALL = YES;
				SWIFT_EMIT_LOC_STRINGS = YES;
				SWIFT_VERSION = 5.0;
				TARGETED_DEVICE_FAMILY = 4;
				VALIDATE_PRODUCT = YES;
				WATCHOS_DEPLOYMENT_TARGET = 10.0;
			};
			name = Release;
		};
		E0429D952A40D7A30085F0F7 /* Debug */ = {
			isa = XCBuildConfiguration;
			buildSettings = {
				ALWAYS_EMBED_SWIFT_STANDARD_LIBRARIES = YES;
				ASSETCATALOG_COMPILER_APPICON_NAME = AppIcon;
				ASSETCATALOG_COMPILER_GLOBAL_ACCENT_COLOR_NAME = AccentColor;
				CODE_SIGN_ENTITLEMENTS = ITMO.PASS/ITMO.Pass.entitlements;
				CODE_SIGN_IDENTITY = "Apple Development";
				CODE_SIGN_STYLE = Automatic;
				CURRENT_PROJECT_VERSION = 1;
				DEVELOPMENT_ASSET_PATHS = "\"ITMO.Pass/Preview Content\"";
				DEVELOPMENT_TEAM = YM8YZN947J;
				ENABLE_PREVIEWS = YES;
				GENERATE_INFOPLIST_FILE = YES;
				INFOPLIST_KEY_CFBundleDisplayName = ITMO.Pass;
				INFOPLIST_KEY_UIApplicationSceneManifest_Generation = YES;
				INFOPLIST_KEY_UIApplicationSupportsIndirectInputEvents = YES;
				INFOPLIST_KEY_UILaunchScreen_Generation = YES;
				INFOPLIST_KEY_UISupportedInterfaceOrientations_iPad = "UIInterfaceOrientationPortrait UIInterfaceOrientationPortraitUpsideDown UIInterfaceOrientationLandscapeLeft UIInterfaceOrientationLandscapeRight";
				INFOPLIST_KEY_UISupportedInterfaceOrientations_iPhone = "UIInterfaceOrientationPortrait UIInterfaceOrientationLandscapeLeft UIInterfaceOrientationLandscapeRight";
				IPHONEOS_DEPLOYMENT_TARGET = 17.0;
				LD_RUNPATH_SEARCH_PATHS = (
					"$(inherited)",
					"@executable_path/Frameworks",
				);
				MARKETING_VERSION = 1.0;
				PRODUCT_BUNDLE_IDENTIFIER = "Samoylik.ITMO-Pass";
				PRODUCT_NAME = "$(TARGET_NAME)";
				PROVISIONING_PROFILE_SPECIFIER = "";
				SDKROOT = iphoneos;
				SWIFT_EMIT_LOC_STRINGS = YES;
				SWIFT_VERSION = 5.0;
				TARGETED_DEVICE_FAMILY = "1,2";
			};
			name = Debug;
		};
		E0429D962A40D7A30085F0F7 /* Release */ = {
			isa = XCBuildConfiguration;
			buildSettings = {
				ALWAYS_EMBED_SWIFT_STANDARD_LIBRARIES = YES;
				ASSETCATALOG_COMPILER_APPICON_NAME = AppIcon;
				ASSETCATALOG_COMPILER_GLOBAL_ACCENT_COLOR_NAME = AccentColor;
				CODE_SIGN_ENTITLEMENTS = ITMO.PASS/ITMO.Pass.entitlements;
				CODE_SIGN_IDENTITY = "Apple Development";
				CODE_SIGN_STYLE = Automatic;
				CURRENT_PROJECT_VERSION = 1;
				DEVELOPMENT_ASSET_PATHS = "\"ITMO.Pass/Preview Content\"";
				DEVELOPMENT_TEAM = YM8YZN947J;
				ENABLE_PREVIEWS = YES;
				GENERATE_INFOPLIST_FILE = YES;
				INFOPLIST_KEY_CFBundleDisplayName = ITMO.Pass;
				INFOPLIST_KEY_UIApplicationSceneManifest_Generation = YES;
				INFOPLIST_KEY_UIApplicationSupportsIndirectInputEvents = YES;
				INFOPLIST_KEY_UILaunchScreen_Generation = YES;
				INFOPLIST_KEY_UISupportedInterfaceOrientations_iPad = "UIInterfaceOrientationPortrait UIInterfaceOrientationPortraitUpsideDown UIInterfaceOrientationLandscapeLeft UIInterfaceOrientationLandscapeRight";
				INFOPLIST_KEY_UISupportedInterfaceOrientations_iPhone = "UIInterfaceOrientationPortrait UIInterfaceOrientationLandscapeLeft UIInterfaceOrientationLandscapeRight";
				IPHONEOS_DEPLOYMENT_TARGET = 17.0;
				LD_RUNPATH_SEARCH_PATHS = (
					"$(inherited)",
					"@executable_path/Frameworks",
				);
				MARKETING_VERSION = 1.0;
				PRODUCT_BUNDLE_IDENTIFIER = "Samoylik.ITMO-Pass";
				PRODUCT_NAME = "$(TARGET_NAME)";
				PROVISIONING_PROFILE_SPECIFIER = "";
				SDKROOT = iphoneos;
				SWIFT_EMIT_LOC_STRINGS = YES;
				SWIFT_VERSION = 5.0;
				TARGETED_DEVICE_FAMILY = "1,2";
				VALIDATE_PRODUCT = YES;
			};
			name = Release;
		};
/* End XCBuildConfiguration section */

/* Begin XCConfigurationList section */
		E0429D6B2A40D7A10085F0F7 /* Build configuration list for PBXProject "ITMO.Pass" */ = {
			isa = XCConfigurationList;
			buildConfigurations = (
				E0429D8E2A40D7A30085F0F7 /* Debug */,
				E0429D8F2A40D7A30085F0F7 /* Release */,
			);
			defaultConfigurationIsVisible = 0;
			defaultConfigurationName = Release;
		};
		E0429D902A40D7A30085F0F7 /* Build configuration list for PBXNativeTarget "ITMO.Pass Watch App" */ = {
			isa = XCConfigurationList;
			buildConfigurations = (
				E0429D912A40D7A30085F0F7 /* Debug */,
				E0429D922A40D7A30085F0F7 /* Release */,
			);
			defaultConfigurationIsVisible = 0;
			defaultConfigurationName = Release;
		};
		E0429D942A40D7A30085F0F7 /* Build configuration list for PBXNativeTarget "ITMO.Pass" */ = {
			isa = XCConfigurationList;
			buildConfigurations = (
				E0429D952A40D7A30085F0F7 /* Debug */,
				E0429D962A40D7A30085F0F7 /* Release */,
			);
			defaultConfigurationIsVisible = 0;
			defaultConfigurationName = Release;
		};
/* End XCConfigurationList section */

/* Begin XCRemoteSwiftPackageReference section */
		E0600E8B2A41576300D8FA5F /* XCRemoteSwiftPackageReference "PythonKit" */ = {
			isa = XCRemoteSwiftPackageReference;
			repositoryURL = "https://github.com/pvieito/PythonKit.git";
			requirement = {
				branch = master;
				kind = branch;
			};
		};
/* End XCRemoteSwiftPackageReference section */

/* Begin XCSwiftPackageProductDependency section */
		E0600E8C2A41576400D8FA5F /* PythonKit */ = {
			isa = XCSwiftPackageProductDependency;
			package = E0600E8B2A41576300D8FA5F /* XCRemoteSwiftPackageReference "PythonKit" */;
			productName = PythonKit;
		};
/* End XCSwiftPackageProductDependency section */
	};
	rootObject = E0429D682A40D7A10085F0F7 /* Project object */;
}
